
Microsoft Visual Studio Solution File, Format Version 12.00
# Visual Studio Version 16
VisualStudioVersion = 16.0.30204.135
MinimumVisualStudioVersion = 10.0.40219.1
Project("{9A19103F-16F7-4668-BE54-9A1E7A4F7556}") = "Week1_IntroToOOP", "Week1_IntroToOOP\Week1_IntroToOOP.csproj", "{0F928976-E5C4-4E3B-A362-58A73B20F085}"
EndProject
Project("{9A19103F-16F7-4668-BE54-9A1E7A4F7556}") = "Week1_CircleExample", "Week1_CircleExample\Week1_CircleExample.csproj", "{7F04F988-0AC0-4E45-A5D0-D6A22B06D750}"
EndProject
Project("{9A19103F-16F7-4668-BE54-9A1E7A4F7556}") = "Week2_ConstructorsAndInheritance", "Week2_ConstructorsAndInheritance\Week2_ConstructorsAndInheritance.csproj", "{5B4DF7DD-0CFD-41C3-96DC-462C605E669C}"
EndProject
Project("{9A19103F-16F7-4668-BE54-9A1E7A4F7556}") = "Week1_Worksheet1Task7", "Week1_Worksheet1Task7\Week1_Worksheet1Task7.csproj", "{A8B75BA3-F66D-44AC-93FE-44EFA60FF5FA}"
EndProject
Project("{9A19103F-16F7-4668-BE54-9A1E7A4F7556}") = "Week2_Worksheet3", "Week2_Worksheet3\Week2_Worksheet3.csproj", "{CCC3A547-AC92-4CF5-B30E-76CEC20F6E44}"
EndProject
Project("{9A19103F-16F7-4668-BE54-9A1E7A4F7556}") = "Week3_Polymorphism", "Week3_Polymorphism\Week3_Polymorphism.csproj", "{F3287860-33C1-4651-97B2-CAC6DE0D5D17}"
EndProject
Project("{9A19103F-16F7-4668-BE54-9A1E7A4F7556}") = "Week3_DrawingApp", "Week3_DrawingApp\Week3_DrawingApp.csproj", "{86BA627E-3487-4A68-B781-FD79997E72F6}"
EndProject
Project("{9A19103F-16F7-4668-BE54-9A1E7A4F7556}") = "Week5_ClassRelationships", "Week5_ClassRelationships\Week5_ClassRelationships.csproj", "{6C983B1C-929F-4C60-A561-D5DDF5CB3B28}"
EndProject
Project("{9A19103F-16F7-4668-BE54-9A1E7A4F7556}") = "Week6_Abstraction", "Week6_Abstraction\Week6_Abstraction.csproj", "{AEA8F21E-F5E4-403D-AB91-8DC46420464D}"
EndProject
Project("{9A19103F-16F7-4668-BE54-9A1E7A4F7556}") = "Week6_Worksheet6_Question3", "Week6_Worksheet6_Question3\Week6_Worksheet6_Question3.csproj", "{B456FDA8-2402-446B-ADE9-526B1DDA7422}"
EndProject
Project("{FAE04EC0-301F-11D3-BF4B-00C04F79EFBC}") = "Week7_BusinessLogic", "Week7_BusinessLogic\Week7_BusinessLogic.csproj", "{1D7B8D34-6DB3-4565-8BF5-49769D7D45CF}"
EndProject
Project("{FAE04EC0-301F-11D3-BF4B-00C04F79EFBC}") = "Week7_Presentation", "Week7_Presentation\Week7_Presentation.csproj", "{5037DCAF-B2D7-4BC2-B710-35BB7F95D89E}"
EndProject
Global
	GlobalSection(SolutionConfigurationPlatforms) = preSolution
		Debug|Any CPU = Debug|Any CPU
		Release|Any CPU = Release|Any CPU
	EndGlobalSection
	GlobalSection(ProjectConfigurationPlatforms) = postSolution
		{0F928976-E5C4-4E3B-A362-58A73B20F085}.Debug|Any CPU.ActiveCfg = Debug|Any CPU
		{0F928976-E5C4-4E3B-A362-58A73B20F085}.Debug|Any CPU.Build.0 = Debug|Any CPU
		{0F928976-E5C4-4E3B-A362-58A73B20F085}.Release|Any CPU.ActiveCfg = Release|Any CPU
		{0F928976-E5C4-4E3B-A362-58A73B20F085}.Release|Any CPU.Build.0 = Release|Any CPU
		{7F04F988-0AC0-4E45-A5D0-D6A22B06D750}.Debug|Any CPU.ActiveCfg = Debug|Any CPU
		{7F04F988-0AC0-4E45-A5D0-D6A22B06D750}.Debug|Any CPU.Build.0 = Debug|Any CPU
		{7F04F988-0AC0-4E45-A5D0-D6A22B06D750}.Release|Any CPU.ActiveCfg = Release|Any CPU
		{7F04F988-0AC0-4E45-A5D0-D6A22B06D750}.Release|Any CPU.Build.0 = Release|Any CPU
		{5B4DF7DD-0CFD-41C3-96DC-462C605E669C}.Debug|Any CPU.ActiveCfg = Debug|Any CPU
		{5B4DF7DD-0CFD-41C3-96DC-462C605E669C}.Debug|Any CPU.Build.0 = Debug|Any CPU
		{5B4DF7DD-0CFD-41C3-96DC-462C605E669C}.Release|Any CPU.ActiveCfg = Release|Any CPU
		{5B4DF7DD-0CFD-41C3-96DC-462C605E669C}.Release|Any CPU.Build.0 = Release|Any CPU
		{A8B75BA3-F66D-44AC-93FE-44EFA60FF5FA}.Debug|Any CPU.ActiveCfg = Debug|Any CPU
		{A8B75BA3-F66D-44AC-93FE-44EFA60FF5FA}.Debug|Any CPU.Build.0 = Debug|Any CPU
		{A8B75BA3-F66D-44AC-93FE-44EFA60FF5FA}.Release|Any CPU.ActiveCfg = Release|Any CPU
		{A8B75BA3-F66D-44AC-93FE-44EFA60FF5FA}.Release|Any CPU.Build.0 = Release|Any CPU
		{CCC3A547-AC92-4CF5-B30E-76CEC20F6E44}.Debug|Any CPU.ActiveCfg = Debug|Any CPU
		{CCC3A547-AC92-4CF5-B30E-76CEC20F6E44}.Debug|Any CPU.Build.0 = Debug|Any CPU
		{CCC3A547-AC92-4CF5-B30E-76CEC20F6E44}.Release|Any CPU.ActiveCfg = Release|Any CPU
		{CCC3A547-AC92-4CF5-B30E-76CEC20F6E44}.Release|Any CPU.Build.0 = Release|Any CPU
		{F3287860-33C1-4651-97B2-CAC6DE0D5D17}.Debug|Any CPU.ActiveCfg = Debug|Any CPU
		{F3287860-33C1-4651-97B2-CAC6DE0D5D17}.Debug|Any CPU.Build.0 = Debug|Any CPU
		{F3287860-33C1-4651-97B2-CAC6DE0D5D17}.Release|Any CPU.ActiveCfg = Release|Any CPU
		{F3287860-33C1-4651-97B2-CAC6DE0D5D17}.Release|Any CPU.Build.0 = Release|Any CPU
		{86BA627E-3487-4A68-B781-FD79997E72F6}.Debug|Any CPU.ActiveCfg = Debug|Any CPU
		{86BA627E-3487-4A68-B781-FD79997E72F6}.Debug|Any CPU.Build.0 = Debug|Any CPU
		{86BA627E-3487-4A68-B781-FD79997E72F6}.Release|Any CPU.ActiveCfg = Release|Any CPU
		{86BA627E-3487-4A68-B781-FD79997E72F6}.Release|Any CPU.Build.0 = Release|Any CPU
		{6C983B1C-929F-4C60-A561-D5DDF5CB3B28}.Debug|Any CPU.ActiveCfg = Debug|Any CPU
		{6C983B1C-929F-4C60-A561-D5DDF5CB3B28}.Debug|Any CPU.Build.0 = Debug|Any CPU
		{6C983B1C-929F-4C60-A561-D5DDF5CB3B28}.Release|Any CPU.ActiveCfg = Release|Any CPU
		{6C983B1C-929F-4C60-A561-D5DDF5CB3B28}.Release|Any CPU.Build.0 = Release|Any CPU
		{AEA8F21E-F5E4-403D-AB91-8DC46420464D}.Debug|Any CPU.ActiveCfg = Debug|Any CPU
		{AEA8F21E-F5E4-403D-AB91-8DC46420464D}.Debug|Any CPU.Build.0 = Debug|Any CPU
		{AEA8F21E-F5E4-403D-AB91-8DC46420464D}.Release|Any CPU.ActiveCfg = Release|Any CPU
		{AEA8F21E-F5E4-403D-AB91-8DC46420464D}.Release|Any CPU.Build.0 = Release|Any CPU
		{B456FDA8-2402-446B-ADE9-526B1DDA7422}.Debug|Any CPU.ActiveCfg = Debug|Any CPU
		{B456FDA8-2402-446B-ADE9-526B1DDA7422}.Debug|Any CPU.Build.0 = Debug|Any CPU
		{B456FDA8-2402-446B-ADE9-526B1DDA7422}.Release|Any CPU.ActiveCfg = Release|Any CPU
		{B456FDA8-2402-446B-ADE9-526B1DDA7422}.Release|Any CPU.Build.0 = Release|Any CPU
		{1D7B8D34-6DB3-4565-8BF5-49769D7D45CF}.Debug|Any CPU.ActiveCfg = Debug|Any CPU
		{1D7B8D34-6DB3-4565-8BF5-49769D7D45CF}.Debug|Any CPU.Build.0 = Debug|Any CPU
		{1D7B8D34-6DB3-4565-8BF5-49769D7D45CF}.Release|Any CPU.ActiveCfg = Release|Any CPU
		{1D7B8D34-6DB3-4565-8BF5-49769D7D45CF}.Release|Any CPU.Build.0 = Release|Any CPU
		{5037DCAF-B2D7-4BC2-B710-35BB7F95D89E}.Debug|Any CPU.ActiveCfg = Debug|Any CPU
		{5037DCAF-B2D7-4BC2-B710-35BB7F95D89E}.Debug|Any CPU.Build.0 = Debug|Any CPU
		{5037DCAF-B2D7-4BC2-B710-35BB7F95D89E}.Release|Any CPU.ActiveCfg = Release|Any CPU
		{5037DCAF-B2D7-4BC2-B710-35BB7F95D89E}.Release|Any CPU.Build.0 = Release|Any CPU
	EndGlobalSection
	GlobalSection(SolutionProperties) = preSolution
		HideSolutionNode = FALSE
	EndGlobalSection
	GlobalSection(ExtensibilityGlobals) = postSolution
		SolutionGuid = {88F4540C-EB50-45B9-8EF6-51912DE641A8}
	EndGlobalSection
EndGlobal
